
Microsoft Visual Studio Solution File, Format Version 12.00
# Visual Studio 14
VisualStudioVersion = 14.0.25420.1
MinimumVisualStudioVersion = 10.0.40219.1
Project("{FAE04EC0-301F-11D3-BF4B-00C04F79EFBC}") = "ModelGen", "ModelGen\ModelGen.csproj", "{EA7CFE2C-ED77-49C3-A9AA-7147B5218FF6}"
EndProject
Project("{FAE04EC0-301F-11D3-BF4B-00C04F79EFBC}") = "weixin_bot", "weixin_bot\weixin_bot.csproj", "{0666F997-D6AA-4F9E-8522-F91CD9B702C5}"
EndProject
Project("{54435603-DBB4-11D2-8724-00A0C9A8B90C}") = "ModelGenSetup", "ModelGenSetup\ModelGenSetup.vdproj", "{BF28A89F-958E-43DE-846B-5890007146AF}"
EndProject
Global
	GlobalSection(SolutionConfigurationPlatforms) = preSolution
		Debug|Any CPU = Debug|Any CPU
		Release|Any CPU = Release|Any CPU
	EndGlobalSection
	GlobalSection(ProjectConfigurationPlatforms) = postSolution
		{EA7CFE2C-ED77-49C3-A9AA-7147B5218FF6}.Debug|Any CPU.ActiveCfg = Debug|Any CPU
		{EA7CFE2C-ED77-49C3-A9AA-7147B5218FF6}.Debug|Any CPU.Build.0 = Debug|Any CPU
		{EA7CFE2C-ED77-49C3-A9AA-7147B5218FF6}.Release|Any CPU.ActiveCfg = Release|Any CPU
		{EA7CFE2C-ED77-49C3-A9AA-7147B5218FF6}.Release|Any CPU.Build.0 = Release|Any CPU
		{0666F997-D6AA-4F9E-8522-F91CD9B702C5}.Debug|Any CPU.ActiveCfg = Debug|Any CPU
		{0666F997-D6AA-4F9E-8522-F91CD9B702C5}.Debug|Any CPU.Build.0 = Debug|Any CPU
		{0666F997-D6AA-4F9E-8522-F91CD9B702C5}.Release|Any CPU.ActiveCfg = Release|Any CPU
		{0666F997-D6AA-4F9E-8522-F91CD9B702C5}.Release|Any CPU.Build.0 = Release|Any CPU
		{BF28A89F-958E-43DE-846B-5890007146AF}.Debug|Any CPU.ActiveCfg = Debug
		{BF28A89F-958E-43DE-846B-5890007146AF}.Release|Any CPU.ActiveCfg = Release
	EndGlobalSection
	GlobalSection(SolutionProperties) = preSolution
		HideSolutionNode = FALSE
	EndGlobalSection
EndGlobal
